// !$*UTF8*$!
{
	archiveVersion = 1;
	classes = {
	};
	objectVersion = 50;
	objects = {

/* Begin PBXBuildFile section */
		3B1BEB6025D59FCF000E0D43 /* KetchupTableViewController.swift in Sources */ = {isa = PBXBuildFile; fileRef = 3B1BEB5F25D59FCF000E0D43 /* KetchupTableViewController.swift */; };
		3B1BEB6325D5A0F3000E0D43 /* CompletedTableViewController.swift in Sources */ = {isa = PBXBuildFile; fileRef = 3B1BEB6225D5A0F3000E0D43 /* CompletedTableViewController.swift */; };
		3B1BEB6A25D5A69B000E0D43 /* KetchupTableViewCell.swift in Sources */ = {isa = PBXBuildFile; fileRef = 3B1BEB6925D5A69B000E0D43 /* KetchupTableViewCell.swift */; };
		3B1BEB7325D5B3B5000E0D43 /* Ketchup+CoreDataClass.swift in Sources */ = {isa = PBXBuildFile; fileRef = 3B1BEB7125D5B3B5000E0D43 /* Ketchup+CoreDataClass.swift */; };
		3B1BEB7425D5B3B5000E0D43 /* Ketchup+CoreDataProperties.swift in Sources */ = {isa = PBXBuildFile; fileRef = 3B1BEB7225D5B3B5000E0D43 /* Ketchup+CoreDataProperties.swift */; };
		3B1BEB7825D5B5AC000E0D43 /* PersistenceManager.swift in Sources */ = {isa = PBXBuildFile; fileRef = 3B1BEB7725D5B5AC000E0D43 /* PersistenceManager.swift */; };
		3B1BEB7B25D5B6F4000E0D43 /* KetchupModel.swift in Sources */ = {isa = PBXBuildFile; fileRef = 3B1BEB7A25D5B6F4000E0D43 /* KetchupModel.swift */; };
		3B4573AF25D685CA007D5D9F /* KetchupViewController.swift in Sources */ = {isa = PBXBuildFile; fileRef = 3B4573AE25D685CA007D5D9F /* KetchupViewController.swift */; };
		3B5D063025DAFC3F00593ACF /* UserDefaultsManager.swift in Sources */ = {isa = PBXBuildFile; fileRef = 3B5D062F25DAFC3F00593ACF /* UserDefaultsManager.swift */; };
		3B6D601125D2DE1B00D7E997 /* AppDelegate.swift in Sources */ = {isa = PBXBuildFile; fileRef = 3B6D601025D2DE1B00D7E997 /* AppDelegate.swift */; };
		3B6D601325D2DE1B00D7E997 /* SceneDelegate.swift in Sources */ = {isa = PBXBuildFile; fileRef = 3B6D601225D2DE1B00D7E997 /* SceneDelegate.swift */; };
		3B6D601825D2DE1B00D7E997 /* Main.storyboard in Resources */ = {isa = PBXBuildFile; fileRef = 3B6D601625D2DE1B00D7E997 /* Main.storyboard */; };
		3B6D601B25D2DE1B00D7E997 /* Ketchapp.xcdatamodeld in Sources */ = {isa = PBXBuildFile; fileRef = 3B6D601925D2DE1B00D7E997 /* Ketchapp.xcdatamodeld */; };
		3B6D601D25D2DE1C00D7E997 /* Assets.xcassets in Resources */ = {isa = PBXBuildFile; fileRef = 3B6D601C25D2DE1C00D7E997 /* Assets.xcassets */; };
		3B6D602025D2DE1C00D7E997 /* LaunchScreen.storyboard in Resources */ = {isa = PBXBuildFile; fileRef = 3B6D601E25D2DE1C00D7E997 /* LaunchScreen.storyboard */; };
		3BAD5E2425DBD9C300C6505A /* SettingsTableViewController.swift in Sources */ = {isa = PBXBuildFile; fileRef = 3BAD5E2325DBD9C300C6505A /* SettingsTableViewController.swift */; };
		3BDB6CA325D69BB40059B821 /* DetailsKetchupTableViewController.swift in Sources */ = {isa = PBXBuildFile; fileRef = 3BDB6CA225D69BB40059B821 /* DetailsKetchupTableViewController.swift */; };
		3BDB6CA725D6A0F90059B821 /* NameTableViewCell.swift in Sources */ = {isa = PBXBuildFile; fileRef = 3BDB6CA625D6A0F90059B821 /* NameTableViewCell.swift */; };
		3BDB6CB125D6D74E0059B821 /* TimerViewController.swift in Sources */ = {isa = PBXBuildFile; fileRef = 3BDB6CB025D6D74E0059B821 /* TimerViewController.swift */; };
		3BDDB7B225D7E49900A490C8 /* TasksTableViewController.swift in Sources */ = {isa = PBXBuildFile; fileRef = 3BDDB7B125D7E49900A490C8 /* TasksTableViewController.swift */; };
/* End PBXBuildFile section */

/* Begin PBXFileReference section */
		3B1BEB5F25D59FCF000E0D43 /* KetchupTableViewController.swift */ = {isa = PBXFileReference; lastKnownFileType = sourcecode.swift; path = KetchupTableViewController.swift; sourceTree = "<group>"; };
		3B1BEB6225D5A0F3000E0D43 /* CompletedTableViewController.swift */ = {isa = PBXFileReference; lastKnownFileType = sourcecode.swift; path = CompletedTableViewController.swift; sourceTree = "<group>"; };
		3B1BEB6925D5A69B000E0D43 /* KetchupTableViewCell.swift */ = {isa = PBXFileReference; lastKnownFileType = sourcecode.swift; path = KetchupTableViewCell.swift; sourceTree = "<group>"; };
		3B1BEB7125D5B3B5000E0D43 /* Ketchup+CoreDataClass.swift */ = {isa = PBXFileReference; lastKnownFileType = sourcecode.swift; name = "Ketchup+CoreDataClass.swift"; path = "Ketchapp/Ketchup/Model/Ketchup+CoreDataClass.swift"; sourceTree = SOURCE_ROOT; };
		3B1BEB7225D5B3B5000E0D43 /* Ketchup+CoreDataProperties.swift */ = {isa = PBXFileReference; lastKnownFileType = sourcecode.swift; name = "Ketchup+CoreDataProperties.swift"; path = "Ketchapp/Ketchup/Model/Ketchup+CoreDataProperties.swift"; sourceTree = SOURCE_ROOT; };
		3B1BEB7725D5B5AC000E0D43 /* PersistenceManager.swift */ = {isa = PBXFileReference; lastKnownFileType = sourcecode.swift; path = PersistenceManager.swift; sourceTree = "<group>"; };
		3B1BEB7A25D5B6F4000E0D43 /* KetchupModel.swift */ = {isa = PBXFileReference; lastKnownFileType = sourcecode.swift; path = KetchupModel.swift; sourceTree = "<group>"; };
		3B4573AE25D685CA007D5D9F /* KetchupViewController.swift */ = {isa = PBXFileReference; lastKnownFileType = sourcecode.swift; path = KetchupViewController.swift; sourceTree = "<group>"; };
		3B5D062F25DAFC3F00593ACF /* UserDefaultsManager.swift */ = {isa = PBXFileReference; lastKnownFileType = sourcecode.swift; path = UserDefaultsManager.swift; sourceTree = "<group>"; };
		3B6D600D25D2DE1B00D7E997 /* Ketchapp.app */ = {isa = PBXFileReference; explicitFileType = wrapper.application; includeInIndex = 0; path = Ketchapp.app; sourceTree = BUILT_PRODUCTS_DIR; };
		3B6D601025D2DE1B00D7E997 /* AppDelegate.swift */ = {isa = PBXFileReference; lastKnownFileType = sourcecode.swift; path = AppDelegate.swift; sourceTree = "<group>"; };
		3B6D601225D2DE1B00D7E997 /* SceneDelegate.swift */ = {isa = PBXFileReference; lastKnownFileType = sourcecode.swift; path = SceneDelegate.swift; sourceTree = "<group>"; };
		3B6D601725D2DE1B00D7E997 /* Base */ = {isa = PBXFileReference; lastKnownFileType = file.storyboard; name = Base; path = Base.lproj/Main.storyboard; sourceTree = "<group>"; };
		3B6D601A25D2DE1B00D7E997 /* Ketchapp.xcdatamodel */ = {isa = PBXFileReference; lastKnownFileType = wrapper.xcdatamodel; path = Ketchapp.xcdatamodel; sourceTree = "<group>"; };
		3B6D601C25D2DE1C00D7E997 /* Assets.xcassets */ = {isa = PBXFileReference; lastKnownFileType = folder.assetcatalog; path = Assets.xcassets; sourceTree = "<group>"; };
		3B6D601F25D2DE1C00D7E997 /* Base */ = {isa = PBXFileReference; lastKnownFileType = file.storyboard; name = Base; path = Base.lproj/LaunchScreen.storyboard; sourceTree = "<group>"; };
		3B6D602125D2DE1C00D7E997 /* Info.plist */ = {isa = PBXFileReference; lastKnownFileType = text.plist.xml; path = Info.plist; sourceTree = "<group>"; };
		3BAD5E2325DBD9C300C6505A /* SettingsTableViewController.swift */ = {isa = PBXFileReference; lastKnownFileType = sourcecode.swift; path = SettingsTableViewController.swift; sourceTree = "<group>"; };
		3BDB6CA225D69BB40059B821 /* DetailsKetchupTableViewController.swift */ = {isa = PBXFileReference; lastKnownFileType = sourcecode.swift; path = DetailsKetchupTableViewController.swift; sourceTree = "<group>"; };
		3BDB6CA625D6A0F90059B821 /* NameTableViewCell.swift */ = {isa = PBXFileReference; lastKnownFileType = sourcecode.swift; path = NameTableViewCell.swift; sourceTree = "<group>"; };
		3BDB6CB025D6D74E0059B821 /* TimerViewController.swift */ = {isa = PBXFileReference; lastKnownFileType = sourcecode.swift; path = TimerViewController.swift; sourceTree = "<group>"; };
		3BDDB7B125D7E49900A490C8 /* TasksTableViewController.swift */ = {isa = PBXFileReference; lastKnownFileType = sourcecode.swift; path = TasksTableViewController.swift; sourceTree = "<group>"; };
/* End PBXFileReference section */

/* Begin PBXFrameworksBuildPhase section */
		3B6D600A25D2DE1B00D7E997 /* Frameworks */ = {
			isa = PBXFrameworksBuildPhase;
			buildActionMask = 2147483647;
			files = (
			);
			runOnlyForDeploymentPostprocessing = 0;
		};
/* End PBXFrameworksBuildPhase section */

/* Begin PBXGroup section */
		3B1BEB6725D5A661000E0D43 /* Ketchup */ = {
			isa = PBXGroup;
			children = (
				3BAD5E2925DBDDF700C6505A /* Model */,
				3BAD5E2825DBDDE900C6505A /* TableViewController */,
				3BAD5E2725DBDDD900C6505A /* ViewController */,
				3BDB6CA525D6A0D00059B821 /* Cell */,
			);
			path = Ketchup;
			sourceTree = "<group>";
		};
		3B1BEB6F25D5AFC5000E0D43 /* Completed */ = {
			isa = PBXGroup;
			children = (
				3B1BEB6225D5A0F3000E0D43 /* CompletedTableViewController.swift */,
			);
			path = Completed;
			sourceTree = "<group>";
		};
		3B5D062E25DAFC2400593ACF /* Utils */ = {
			isa = PBXGroup;
			children = (
				3B1BEB7725D5B5AC000E0D43 /* PersistenceManager.swift */,
				3B5D062F25DAFC3F00593ACF /* UserDefaultsManager.swift */,
			);
			path = Utils;
			sourceTree = "<group>";
		};
		3B6D600425D2DE1B00D7E997 = {
			isa = PBXGroup;
			children = (
				3B6D600F25D2DE1B00D7E997 /* Ketchapp */,
				3B6D600E25D2DE1B00D7E997 /* Products */,
			);
			sourceTree = "<group>";
		};
		3B6D600E25D2DE1B00D7E997 /* Products */ = {
			isa = PBXGroup;
			children = (
				3B6D600D25D2DE1B00D7E997 /* Ketchapp.app */,
			);
			name = Products;
			sourceTree = "<group>";
		};
		3B6D600F25D2DE1B00D7E997 /* Ketchapp */ = {
			isa = PBXGroup;
			children = (
				3BAD5E2225DBD9AD00C6505A /* Settings */,
				3B5D062E25DAFC2400593ACF /* Utils */,
				3B1BEB6F25D5AFC5000E0D43 /* Completed */,
				3B1BEB6725D5A661000E0D43 /* Ketchup */,
				3B6D601025D2DE1B00D7E997 /* AppDelegate.swift */,
				3B6D601225D2DE1B00D7E997 /* SceneDelegate.swift */,
				3B6D601625D2DE1B00D7E997 /* Main.storyboard */,
				3B6D601C25D2DE1C00D7E997 /* Assets.xcassets */,
				3B6D601E25D2DE1C00D7E997 /* LaunchScreen.storyboard */,
				3B6D602125D2DE1C00D7E997 /* Info.plist */,
				3B6D601925D2DE1B00D7E997 /* Ketchapp.xcdatamodeld */,
			);
			path = Ketchapp;
			sourceTree = "<group>";
		};
		3BAD5E2225DBD9AD00C6505A /* Settings */ = {
			isa = PBXGroup;
			children = (
				3BAD5E2325DBD9C300C6505A /* SettingsTableViewController.swift */,
			);
			path = Settings;
			sourceTree = "<group>";
		};
		3BAD5E2725DBDDD900C6505A /* ViewController */ = {
			isa = PBXGroup;
			children = (
				3B4573AE25D685CA007D5D9F /* KetchupViewController.swift */,
				3BDB6CB025D6D74E0059B821 /* TimerViewController.swift */,
			);
			path = ViewController;
			sourceTree = "<group>";
		};
		3BAD5E2825DBDDE900C6505A /* TableViewController */ = {
			isa = PBXGroup;
			children = (
				3B1BEB5F25D59FCF000E0D43 /* KetchupTableViewController.swift */,
				3BDB6CA225D69BB40059B821 /* DetailsKetchupTableViewController.swift */,
				3BDDB7B125D7E49900A490C8 /* TasksTableViewController.swift */,
			);
			path = TableViewController;
			sourceTree = "<group>";
		};
		3BAD5E2925DBDDF700C6505A /* Model */ = {
			isa = PBXGroup;
			children = (
				3B1BEB7125D5B3B5000E0D43 /* Ketchup+CoreDataClass.swift */,
				3B1BEB7225D5B3B5000E0D43 /* Ketchup+CoreDataProperties.swift */,
				3B1BEB7A25D5B6F4000E0D43 /* KetchupModel.swift */,
			);
			path = Model;
			sourceTree = "<group>";
		};
		3BDB6CA525D6A0D00059B821 /* Cell */ = {
			isa = PBXGroup;
			children = (
				3B1BEB6925D5A69B000E0D43 /* KetchupTableViewCell.swift */,
				3BDB6CA625D6A0F90059B821 /* NameTableViewCell.swift */,
			);
			path = Cell;
			sourceTree = "<group>";
		};
/* End PBXGroup section */

/* Begin PBXNativeTarget section */
		3B6D600C25D2DE1B00D7E997 /* Ketchapp */ = {
			isa = PBXNativeTarget;
			buildConfigurationList = 3B6D602425D2DE1C00D7E997 /* Build configuration list for PBXNativeTarget "Ketchapp" */;
			buildPhases = (
				3B6D600925D2DE1B00D7E997 /* Sources */,
				3B6D600A25D2DE1B00D7E997 /* Frameworks */,
				3B6D600B25D2DE1B00D7E997 /* Resources */,
			);
			buildRules = (
			);
			dependencies = (
			);
			name = Ketchapp;
			productName = Ketchapp;
			productReference = 3B6D600D25D2DE1B00D7E997 /* Ketchapp.app */;
			productType = "com.apple.product-type.application";
		};
/* End PBXNativeTarget section */

/* Begin PBXProject section */
		3B6D600525D2DE1B00D7E997 /* Project object */ = {
			isa = PBXProject;
			attributes = {
				LastSwiftUpdateCheck = 1230;
				LastUpgradeCheck = 1230;
				TargetAttributes = {
					3B6D600C25D2DE1B00D7E997 = {
						CreatedOnToolsVersion = 12.3;
					};
				};
			};
			buildConfigurationList = 3B6D600825D2DE1B00D7E997 /* Build configuration list for PBXProject "Ketchapp" */;
			compatibilityVersion = "Xcode 9.3";
			developmentRegion = en;
			hasScannedForEncodings = 0;
			knownRegions = (
				en,
				Base,
			);
			mainGroup = 3B6D600425D2DE1B00D7E997;
			productRefGroup = 3B6D600E25D2DE1B00D7E997 /* Products */;
			projectDirPath = "";
			projectRoot = "";
			targets = (
				3B6D600C25D2DE1B00D7E997 /* Ketchapp */,
			);
		};
/* End PBXProject section */

/* Begin PBXResourcesBuildPhase section */
		3B6D600B25D2DE1B00D7E997 /* Resources */ = {
			isa = PBXResourcesBuildPhase;
			buildActionMask = 2147483647;
			files = (
				3B6D602025D2DE1C00D7E997 /* LaunchScreen.storyboard in Resources */,
				3B6D601D25D2DE1C00D7E997 /* Assets.xcassets in Resources */,
				3B6D601825D2DE1B00D7E997 /* Main.storyboard in Resources */,
			);
			runOnlyForDeploymentPostprocessing = 0;
		};
/* End PBXResourcesBuildPhase section */

/* Begin PBXSourcesBuildPhase section */
		3B6D600925D2DE1B00D7E997 /* Sources */ = {
			isa = PBXSourcesBuildPhase;
			buildActionMask = 2147483647;
			files = (
				3B4573AF25D685CA007D5D9F /* KetchupViewController.swift in Sources */,
				3B1BEB6025D59FCF000E0D43 /* KetchupTableViewController.swift in Sources */,
				3B1BEB6325D5A0F3000E0D43 /* CompletedTableViewController.swift in Sources */,
				3BDB6CB125D6D74E0059B821 /* TimerViewController.swift in Sources */,
				3BDB6CA725D6A0F90059B821 /* NameTableViewCell.swift in Sources */,
				3B6D601B25D2DE1B00D7E997 /* Ketchapp.xcdatamodeld in Sources */,
				3BAD5E2425DBD9C300C6505A /* SettingsTableViewController.swift in Sources */,
				3B5D063025DAFC3F00593ACF /* UserDefaultsManager.swift in Sources */,
				3BDDB7B225D7E49900A490C8 /* TasksTableViewController.swift in Sources */,
				3B6D601125D2DE1B00D7E997 /* AppDelegate.swift in Sources */,
				3B1BEB7B25D5B6F4000E0D43 /* KetchupModel.swift in Sources */,
				3B1BEB6A25D5A69B000E0D43 /* KetchupTableViewCell.swift in Sources */,
				3BDB6CA325D69BB40059B821 /* DetailsKetchupTableViewController.swift in Sources */,
				3B1BEB7325D5B3B5000E0D43 /* Ketchup+CoreDataClass.swift in Sources */,
				3B1BEB7825D5B5AC000E0D43 /* PersistenceManager.swift in Sources */,
				3B1BEB7425D5B3B5000E0D43 /* Ketchup+CoreDataProperties.swift in Sources */,
				3B6D601325D2DE1B00D7E997 /* SceneDelegate.swift in Sources */,
			);
			runOnlyForDeploymentPostprocessing = 0;
		};
/* End PBXSourcesBuildPhase section */

/* Begin PBXVariantGroup section */
		3B6D601625D2DE1B00D7E997 /* Main.storyboard */ = {
			isa = PBXVariantGroup;
			children = (
				3B6D601725D2DE1B00D7E997 /* Base */,
			);
			name = Main.storyboard;
			sourceTree = "<group>";
		};
		3B6D601E25D2DE1C00D7E997 /* LaunchScreen.storyboard */ = {
			isa = PBXVariantGroup;
			children = (
				3B6D601F25D2DE1C00D7E997 /* Base */,
			);
			name = LaunchScreen.storyboard;
			sourceTree = "<group>";
		};
/* End PBXVariantGroup section */

/* Begin XCBuildConfiguration section */
		3B6D602225D2DE1C00D7E997 /* Debug */ = {
			isa = XCBuildConfiguration;
			buildSettings = {
				ALWAYS_SEARCH_USER_PATHS = NO;
				CLANG_ANALYZER_NONNULL = YES;
				CLANG_ANALYZER_NUMBER_OBJECT_CONVERSION = YES_AGGRESSIVE;
				CLANG_CXX_LANGUAGE_STANDARD = "gnu++14";
				CLANG_CXX_LIBRARY = "libc++";
				CLANG_ENABLE_MODULES = YES;
				CLANG_ENABLE_OBJC_ARC = YES;
				CLANG_ENABLE_OBJC_WEAK = YES;
				CLANG_WARN_BLOCK_CAPTURE_AUTORELEASING = YES;
				CLANG_WARN_BOOL_CONVERSION = YES;
				CLANG_WARN_COMMA = YES;
				CLANG_WARN_CONSTANT_CONVERSION = YES;
				CLANG_WARN_DEPRECATED_OBJC_IMPLEMENTATIONS = YES;
				CLANG_WARN_DIRECT_OBJC_ISA_USAGE = YES_ERROR;
				CLANG_WARN_DOCUMENTATION_COMMENTS = YES;
				CLANG_WARN_EMPTY_BODY = YES;
				CLANG_WARN_ENUM_CONVERSION = YES;
				CLANG_WARN_INFINITE_RECURSION = YES;
				CLANG_WARN_INT_CONVERSION = YES;
				CLANG_WARN_NON_LITERAL_NULL_CONVERSION = YES;
				CLANG_WARN_OBJC_IMPLICIT_RETAIN_SELF = YES;
				CLANG_WARN_OBJC_LITERAL_CONVERSION = YES;
				CLANG_WARN_OBJC_ROOT_CLASS = YES_ERROR;
				CLANG_WARN_QUOTED_INCLUDE_IN_FRAMEWORK_HEADER = YES;
				CLANG_WARN_RANGE_LOOP_ANALYSIS = YES;
				CLANG_WARN_STRICT_PROTOTYPES = YES;
				CLANG_WARN_SUSPICIOUS_MOVE = YES;
				CLANG_WARN_UNGUARDED_AVAILABILITY = YES_AGGRESSIVE;
				CLANG_WARN_UNREACHABLE_CODE = YES;
				CLANG_WARN__DUPLICATE_METHOD_MATCH = YES;
				COPY_PHASE_STRIP = NO;
				DEBUG_INFORMATION_FORMAT = dwarf;
				ENABLE_STRICT_OBJC_MSGSEND = YES;
				ENABLE_TESTABILITY = YES;
				GCC_C_LANGUAGE_STANDARD = gnu11;
				GCC_DYNAMIC_NO_PIC = NO;
				GCC_NO_COMMON_BLOCKS = YES;
				GCC_OPTIMIZATION_LEVEL = 0;
				GCC_PREPROCESSOR_DEFINITIONS = (
					"DEBUG=1",
					"$(inherited)",
				);
				GCC_WARN_64_TO_32_BIT_CONVERSION = YES;
				GCC_WARN_ABOUT_RETURN_TYPE = YES_ERROR;
				GCC_WARN_UNDECLARED_SELECTOR = YES;
				GCC_WARN_UNINITIALIZED_AUTOS = YES_AGGRESSIVE;
				GCC_WARN_UNUSED_FUNCTION = YES;
				GCC_WARN_UNUSED_VARIABLE = YES;
				IPHONEOS_DEPLOYMENT_TARGET = 14.3;
				MTL_ENABLE_DEBUG_INFO = INCLUDE_SOURCE;
				MTL_FAST_MATH = YES;
				ONLY_ACTIVE_ARCH = YES;
				SDKROOT = iphoneos;
				SWIFT_ACTIVE_COMPILATION_CONDITIONS = DEBUG;
				SWIFT_OPTIMIZATION_LEVEL = "-Onone";
			};
			name = Debug;
		};
		3B6D602325D2DE1C00D7E997 /* Release */ = {
			isa = XCBuildConfiguration;
			buildSettings = {
				ALWAYS_SEARCH_USER_PATHS = NO;
				CLANG_ANALYZER_NONNULL = YES;
				CLANG_ANALYZER_NUMBER_OBJECT_CONVERSION = YES_AGGRESSIVE;
				CLANG_CXX_LANGUAGE_STANDARD = "gnu++14";
				CLANG_CXX_LIBRARY = "libc++";
				CLANG_ENABLE_MODULES = YES;
				CLANG_ENABLE_OBJC_ARC = YES;
				CLANG_ENABLE_OBJC_WEAK = YES;
				CLANG_WARN_BLOCK_CAPTURE_AUTORELEASING = YES;
				CLANG_WARN_BOOL_CONVERSION = YES;
				CLANG_WARN_COMMA = YES;
				CLANG_WARN_CONSTANT_CONVERSION = YES;
				CLANG_WARN_DEPRECATED_OBJC_IMPLEMENTATIONS = YES;
				CLANG_WARN_DIRECT_OBJC_ISA_USAGE = YES_ERROR;
				CLANG_WARN_DOCUMENTATION_COMMENTS = YES;
				CLANG_WARN_EMPTY_BODY = YES;
				CLANG_WARN_ENUM_CONVERSION = YES;
				CLANG_WARN_INFINITE_RECURSION = YES;
				CLANG_WARN_INT_CONVERSION = YES;
				CLANG_WARN_NON_LITERAL_NULL_CONVERSION = YES;
				CLANG_WARN_OBJC_IMPLICIT_RETAIN_SELF = YES;
				CLANG_WARN_OBJC_LITERAL_CONVERSION = YES;
				CLANG_WARN_OBJC_ROOT_CLASS = YES_ERROR;
				CLANG_WARN_QUOTED_INCLUDE_IN_FRAMEWORK_HEADER = YES;
				CLANG_WARN_RANGE_LOOP_ANALYSIS = YES;
				CLANG_WARN_STRICT_PROTOTYPES = YES;
				CLANG_WARN_SUSPICIOUS_MOVE = YES;
				CLANG_WARN_UNGUARDED_AVAILABILITY = YES_AGGRESSIVE;
				CLANG_WARN_UNREACHABLE_CODE = YES;
				CLANG_WARN__DUPLICATE_METHOD_MATCH = YES;
				COPY_PHASE_STRIP = NO;
				DEBUG_INFORMATION_FORMAT = "dwarf-with-dsym";
				ENABLE_NS_ASSERTIONS = NO;
				ENABLE_STRICT_OBJC_MSGSEND = YES;
				GCC_C_LANGUAGE_STANDARD = gnu11;
				GCC_NO_COMMON_BLOCKS = YES;
				GCC_WARN_64_TO_32_BIT_CONVERSION = YES;
				GCC_WARN_ABOUT_RETURN_TYPE = YES_ERROR;
				GCC_WARN_UNDECLARED_SELECTOR = YES;
				GCC_WARN_UNINITIALIZED_AUTOS = YES_AGGRESSIVE;
				GCC_WARN_UNUSED_FUNCTION = YES;
				GCC_WARN_UNUSED_VARIABLE = YES;
				IPHONEOS_DEPLOYMENT_TARGET = 14.3;
				MTL_ENABLE_DEBUG_INFO = NO;
				MTL_FAST_MATH = YES;
				SDKROOT = iphoneos;
				SWIFT_COMPILATION_MODE = wholemodule;
				SWIFT_OPTIMIZATION_LEVEL = "-O";
				VALIDATE_PRODUCT = YES;
			};
			name = Release;
		};
		3B6D602525D2DE1C00D7E997 /* Debug */ = {
			isa = XCBuildConfiguration;
			buildSettings = {
				ASSETCATALOG_COMPILER_APPICON_NAME = AppIcon;
				ASSETCATALOG_COMPILER_GLOBAL_ACCENT_COLOR_NAME = AccentColor;
				CODE_SIGN_STYLE = Automatic;
				DEVELOPMENT_TEAM = 9TKWBWAX75;
				INFOPLIST_FILE = Ketchapp/Info.plist;
				LD_RUNPATH_SEARCH_PATHS = (
					"$(inherited)",
					"@executable_path/Frameworks",
				);
				PRODUCT_BUNDLE_IDENTIFIER = it.unisa.applefoundationprogram.Ketchapp;
				PRODUCT_NAME = "$(TARGET_NAME)";
				SWIFT_VERSION = 5.0;
				TARGETED_DEVICE_FAMILY = "1,2";
			};
			name = Debug;
		};
		3B6D602625D2DE1C00D7E997 /* Release */ = {
			isa = XCBuildConfiguration;
			buildSettings = {
				ASSETCATALOG_COMPILER_APPICON_NAME = AppIcon;
				ASSETCATALOG_COMPILER_GLOBAL_ACCENT_COLOR_NAME = AccentColor;
				CODE_SIGN_STYLE = Automatic;
				DEVELOPMENT_TEAM = 9TKWBWAX75;
				INFOPLIST_FILE = Ketchapp/Info.plist;
				LD_RUNPATH_SEARCH_PATHS = (
					"$(inherited)",
					"@executable_path/Frameworks",
				);
				PRODUCT_BUNDLE_IDENTIFIER = it.unisa.applefoundationprogram.Ketchapp;
				PRODUCT_NAME = "$(TARGET_NAME)";
				SWIFT_VERSION = 5.0;
				TARGETED_DEVICE_FAMILY = "1,2";
			};
			name = Release;
		};
/* End XCBuildConfiguration section */

/* Begin XCConfigurationList section */
		3B6D600825D2DE1B00D7E997 /* Build configuration list for PBXProject "Ketchapp" */ = {
			isa = XCConfigurationList;
			buildConfigurations = (
				3B6D602225D2DE1C00D7E997 /* Debug */,
				3B6D602325D2DE1C00D7E997 /* Release */,
			);
			defaultConfigurationIsVisible = 0;
			defaultConfigurationName = Release;
		};
		3B6D602425D2DE1C00D7E997 /* Build configuration list for PBXNativeTarget "Ketchapp" */ = {
			isa = XCConfigurationList;
			buildConfigurations = (
				3B6D602525D2DE1C00D7E997 /* Debug */,
				3B6D602625D2DE1C00D7E997 /* Release */,
			);
			defaultConfigurationIsVisible = 0;
			defaultConfigurationName = Release;
		};
/* End XCConfigurationList section */

/* Begin XCVersionGroup section */
		3B6D601925D2DE1B00D7E997 /* Ketchapp.xcdatamodeld */ = {
			isa = XCVersionGroup;
			children = (
				3B6D601A25D2DE1B00D7E997 /* Ketchapp.xcdatamodel */,
			);
			currentVersion = 3B6D601A25D2DE1B00D7E997 /* Ketchapp.xcdatamodel */;
			path = Ketchapp.xcdatamodeld;
			sourceTree = "<group>";
			versionGroupType = wrapper.xcdatamodel;
		};
/* End XCVersionGroup section */
	};
	rootObject = 3B6D600525D2DE1B00D7E997 /* Project object */;
}
